// !$*UTF8*$!
{
	archiveVersion = 1;
	classes = {
	};
	objectVersion = 56;
	objects = {

/* Begin PBXBuildFile section */
		E29E709E2B6D7068000291D1 /* TravelBookApp.swift in Sources */ = {isa = PBXBuildFile; fileRef = E29E709D2B6D7068000291D1 /* TravelBookApp.swift */; };
		E29E70A02B6D7068000291D1 /* ContentView.swift in Sources */ = {isa = PBXBuildFile; fileRef = E29E709F2B6D7068000291D1 /* ContentView.swift */; };
		E29E70A22B6D7069000291D1 /* Assets.xcassets in Resources */ = {isa = PBXBuildFile; fileRef = E29E70A12B6D7069000291D1 /* Assets.xcassets */; };
		E29E70A52B6D7069000291D1 /* Preview Assets.xcassets in Resources */ = {isa = PBXBuildFile; fileRef = E29E70A42B6D7069000291D1 /* Preview Assets.xcassets */; };
		E29E70AD2B6D7AEA000291D1 /* SignInView.swift in Sources */ = {isa = PBXBuildFile; fileRef = E29E70AC2B6D7AEA000291D1 /* SignInView.swift */; };
		E29E70B02B6D8A5E000291D1 /* SingInViewModel.swift in Sources */ = {isa = PBXBuildFile; fileRef = E29E70AF2B6D8A5E000291D1 /* SingInViewModel.swift */; };
		E29E70B22B6D9123000291D1 /* SingInEmailTextField.swift in Sources */ = {isa = PBXBuildFile; fileRef = E29E70B12B6D9123000291D1 /* SingInEmailTextField.swift */; };
		E29E70B72B6D9614000291D1 /* SingInPasswordTextField.swift in Sources */ = {isa = PBXBuildFile; fileRef = E29E70B62B6D9614000291D1 /* SingInPasswordTextField.swift */; };
		E29E70B92B6E2409000291D1 /* GoogleService-Info.plist in Resources */ = {isa = PBXBuildFile; fileRef = E29E70B82B6E2409000291D1 /* GoogleService-Info.plist */; };
		E29E70BC2B6E2605000291D1 /* FirebaseAnalyticsSwift in Frameworks */ = {isa = PBXBuildFile; productRef = E29E70BB2B6E2605000291D1 /* FirebaseAnalyticsSwift */; };
		E29E70BE2B6E2605000291D1 /* FirebaseAnalyticsWithoutAdIdSupport in Frameworks */ = {isa = PBXBuildFile; productRef = E29E70BD2B6E2605000291D1 /* FirebaseAnalyticsWithoutAdIdSupport */; };
		E29E70C02B6E2605000291D1 /* FirebaseAppCheck in Frameworks */ = {isa = PBXBuildFile; productRef = E29E70BF2B6E2605000291D1 /* FirebaseAppCheck */; };
		E29E70C22B6E2605000291D1 /* FirebaseAppDistribution-Beta in Frameworks */ = {isa = PBXBuildFile; productRef = E29E70C12B6E2605000291D1 /* FirebaseAppDistribution-Beta */; };
		E29E70C42B6E2605000291D1 /* FirebaseAuth in Frameworks */ = {isa = PBXBuildFile; productRef = E29E70C32B6E2605000291D1 /* FirebaseAuth */; };
		E29E70C62B6E2605000291D1 /* FirebaseAuthCombine-Community in Frameworks */ = {isa = PBXBuildFile; productRef = E29E70C52B6E2605000291D1 /* FirebaseAuthCombine-Community */; };
		E29E70C82B6E2605000291D1 /* FirebaseDatabase in Frameworks */ = {isa = PBXBuildFile; productRef = E29E70C72B6E2605000291D1 /* FirebaseDatabase */; };
		E29E70CA2B6E2605000291D1 /* FirebaseDatabaseSwift in Frameworks */ = {isa = PBXBuildFile; productRef = E29E70C92B6E2605000291D1 /* FirebaseDatabaseSwift */; };
		E29E70CC2B6E2605000291D1 /* FirebaseDynamicLinks in Frameworks */ = {isa = PBXBuildFile; productRef = E29E70CB2B6E2605000291D1 /* FirebaseDynamicLinks */; };
		E29E70CE2B6E2605000291D1 /* FirebaseFirestore in Frameworks */ = {isa = PBXBuildFile; productRef = E29E70CD2B6E2605000291D1 /* FirebaseFirestore */; };
		E29E70D02B6E2605000291D1 /* FirebaseFirestoreCombine-Community in Frameworks */ = {isa = PBXBuildFile; productRef = E29E70CF2B6E2605000291D1 /* FirebaseFirestoreCombine-Community */; };
		E29E70D22B6E2605000291D1 /* FirebaseFirestoreSwift in Frameworks */ = {isa = PBXBuildFile; productRef = E29E70D12B6E2605000291D1 /* FirebaseFirestoreSwift */; };
		E29E70D42B6E2605000291D1 /* FirebaseFunctions in Frameworks */ = {isa = PBXBuildFile; productRef = E29E70D32B6E2605000291D1 /* FirebaseFunctions */; };
		E29E70D62B6E2605000291D1 /* FirebaseFunctionsCombine-Community in Frameworks */ = {isa = PBXBuildFile; productRef = E29E70D52B6E2605000291D1 /* FirebaseFunctionsCombine-Community */; };
		E29E70D82B6E2605000291D1 /* FirebaseInAppMessaging-Beta in Frameworks */ = {isa = PBXBuildFile; productRef = E29E70D72B6E2605000291D1 /* FirebaseInAppMessaging-Beta */; };
		E29E70DA2B6E2605000291D1 /* FirebaseInAppMessagingSwift-Beta in Frameworks */ = {isa = PBXBuildFile; productRef = E29E70D92B6E2605000291D1 /* FirebaseInAppMessagingSwift-Beta */; };
		E29E70DC2B6E2605000291D1 /* FirebaseInstallations in Frameworks */ = {isa = PBXBuildFile; productRef = E29E70DB2B6E2605000291D1 /* FirebaseInstallations */; };
		E29E70DE2B6E2605000291D1 /* FirebaseMLModelDownloader in Frameworks */ = {isa = PBXBuildFile; productRef = E29E70DD2B6E2605000291D1 /* FirebaseMLModelDownloader */; };
		E29E70E02B6E2605000291D1 /* FirebasePerformance in Frameworks */ = {isa = PBXBuildFile; productRef = E29E70DF2B6E2605000291D1 /* FirebasePerformance */; };
		E29E70E22B6E2605000291D1 /* FirebaseRemoteConfig in Frameworks */ = {isa = PBXBuildFile; productRef = E29E70E12B6E2605000291D1 /* FirebaseRemoteConfig */; };
		E29E70E42B6E2605000291D1 /* FirebaseRemoteConfigSwift in Frameworks */ = {isa = PBXBuildFile; productRef = E29E70E32B6E2605000291D1 /* FirebaseRemoteConfigSwift */; };
		E29E70E62B6E2605000291D1 /* FirebaseStorage in Frameworks */ = {isa = PBXBuildFile; productRef = E29E70E52B6E2605000291D1 /* FirebaseStorage */; };
		E29E70E82B6E2605000291D1 /* FirebaseStorageCombine-Community in Frameworks */ = {isa = PBXBuildFile; productRef = E29E70E72B6E2605000291D1 /* FirebaseStorageCombine-Community */; };
		E29E70EB2B6E2B04000291D1 /* AuthService.swift in Sources */ = {isa = PBXBuildFile; fileRef = E29E70EA2B6E2B04000291D1 /* AuthService.swift */; };
		E29E70F22B6E5E65000291D1 /* HomeView.swift in Sources */ = {isa = PBXBuildFile; fileRef = E29E70F12B6E5E65000291D1 /* HomeView.swift */; };
		E29E70F72B6E62A9000291D1 /* String+Ext.swift in Sources */ = {isa = PBXBuildFile; fileRef = E29E70F62B6E62A9000291D1 /* String+Ext.swift */; };
/* End PBXBuildFile section */

/* Begin PBXFileReference section */
		E29E709A2B6D7068000291D1 /* TravelBook.app */ = {isa = PBXFileReference; explicitFileType = wrapper.application; includeInIndex = 0; path = TravelBook.app; sourceTree = BUILT_PRODUCTS_DIR; };
		E29E709D2B6D7068000291D1 /* TravelBookApp.swift */ = {isa = PBXFileReference; lastKnownFileType = sourcecode.swift; path = TravelBookApp.swift; sourceTree = "<group>"; };
		E29E709F2B6D7068000291D1 /* ContentView.swift */ = {isa = PBXFileReference; lastKnownFileType = sourcecode.swift; path = ContentView.swift; sourceTree = "<group>"; };
		E29E70A12B6D7069000291D1 /* Assets.xcassets */ = {isa = PBXFileReference; lastKnownFileType = folder.assetcatalog; path = Assets.xcassets; sourceTree = "<group>"; };
		E29E70A42B6D7069000291D1 /* Preview Assets.xcassets */ = {isa = PBXFileReference; lastKnownFileType = folder.assetcatalog; path = "Preview Assets.xcassets"; sourceTree = "<group>"; };
		E29E70AC2B6D7AEA000291D1 /* SignInView.swift */ = {isa = PBXFileReference; lastKnownFileType = sourcecode.swift; path = SignInView.swift; sourceTree = "<group>"; };
		E29E70AF2B6D8A5E000291D1 /* SingInViewModel.swift */ = {isa = PBXFileReference; lastKnownFileType = sourcecode.swift; path = SingInViewModel.swift; sourceTree = "<group>"; };
		E29E70B12B6D9123000291D1 /* SingInEmailTextField.swift */ = {isa = PBXFileReference; lastKnownFileType = sourcecode.swift; path = SingInEmailTextField.swift; sourceTree = "<group>"; };
		E29E70B62B6D9614000291D1 /* SingInPasswordTextField.swift */ = {isa = PBXFileReference; lastKnownFileType = sourcecode.swift; path = SingInPasswordTextField.swift; sourceTree = "<group>"; };
		E29E70B82B6E2409000291D1 /* GoogleService-Info.plist */ = {isa = PBXFileReference; fileEncoding = 4; lastKnownFileType = text.plist.xml; path = "GoogleService-Info.plist"; sourceTree = "<group>"; };
		E29E70EA2B6E2B04000291D1 /* AuthService.swift */ = {isa = PBXFileReference; lastKnownFileType = sourcecode.swift; path = AuthService.swift; sourceTree = "<group>"; };
		E29E70F12B6E5E65000291D1 /* HomeView.swift */ = {isa = PBXFileReference; lastKnownFileType = sourcecode.swift; path = HomeView.swift; sourceTree = "<group>"; };
		E29E70F62B6E62A9000291D1 /* String+Ext.swift */ = {isa = PBXFileReference; lastKnownFileType = sourcecode.swift; path = "String+Ext.swift"; sourceTree = "<group>"; };
/* End PBXFileReference section */

/* Begin PBXFrameworksBuildPhase section */
		E29E70972B6D7068000291D1 /* Frameworks */ = {
			isa = PBXFrameworksBuildPhase;
			buildActionMask = 2147483647;
			files = (
				E29E70CA2B6E2605000291D1 /* FirebaseDatabaseSwift in Frameworks */,
				E29E70BC2B6E2605000291D1 /* FirebaseAnalyticsSwift in Frameworks */,
				E29E70C62B6E2605000291D1 /* FirebaseAuthCombine-Community in Frameworks */,
				E29E70E82B6E2605000291D1 /* FirebaseStorageCombine-Community in Frameworks */,
				E29E70E42B6E2605000291D1 /* FirebaseRemoteConfigSwift in Frameworks */,
				E29E70CE2B6E2605000291D1 /* FirebaseFirestore in Frameworks */,
				E29E70C42B6E2605000291D1 /* FirebaseAuth in Frameworks */,
				E29E70D02B6E2605000291D1 /* FirebaseFirestoreCombine-Community in Frameworks */,
				E29E70C02B6E2605000291D1 /* FirebaseAppCheck in Frameworks */,
				E29E70D62B6E2605000291D1 /* FirebaseFunctionsCombine-Community in Frameworks */,
				E29E70DC2B6E2605000291D1 /* FirebaseInstallations in Frameworks */,
				E29E70CC2B6E2605000291D1 /* FirebaseDynamicLinks in Frameworks */,
				E29E70BE2B6E2605000291D1 /* FirebaseAnalyticsWithoutAdIdSupport in Frameworks */,
				E29E70DA2B6E2605000291D1 /* FirebaseInAppMessagingSwift-Beta in Frameworks */,
				E29E70D42B6E2605000291D1 /* FirebaseFunctions in Frameworks */,
				E29E70C82B6E2605000291D1 /* FirebaseDatabase in Frameworks */,
				E29E70E02B6E2605000291D1 /* FirebasePerformance in Frameworks */,
				E29E70C22B6E2605000291D1 /* FirebaseAppDistribution-Beta in Frameworks */,
				E29E70DE2B6E2605000291D1 /* FirebaseMLModelDownloader in Frameworks */,
				E29E70D22B6E2605000291D1 /* FirebaseFirestoreSwift in Frameworks */,
				E29E70E62B6E2605000291D1 /* FirebaseStorage in Frameworks */,
				E29E70D82B6E2605000291D1 /* FirebaseInAppMessaging-Beta in Frameworks */,
				E29E70E22B6E2605000291D1 /* FirebaseRemoteConfig in Frameworks */,
			);
			runOnlyForDeploymentPostprocessing = 0;
		};
/* End PBXFrameworksBuildPhase section */

/* Begin PBXGroup section */
		E29E70912B6D7068000291D1 = {
			isa = PBXGroup;
			children = (
				E29E709C2B6D7068000291D1 /* TravelBook */,
				E29E709B2B6D7068000291D1 /* Products */,
			);
			sourceTree = "<group>";
		};
		E29E709B2B6D7068000291D1 /* Products */ = {
			isa = PBXGroup;
			children = (
				E29E709A2B6D7068000291D1 /* TravelBook.app */,
			);
			name = Products;
			sourceTree = "<group>";
		};
		E29E709C2B6D7068000291D1 /* TravelBook */ = {
			isa = PBXGroup;
			children = (
				E29E70F52B6E6285000291D1 /* Utils */,
				E29E70B82B6E2409000291D1 /* GoogleService-Info.plist */,
				E29E70E92B6E2AB4000291D1 /* Service */,
				E29E70AE2B6D8A20000291D1 /* ViewModel */,
				E29E70AB2B6D7A7E000291D1 /* View */,
				E29E709D2B6D7068000291D1 /* TravelBookApp.swift */,
				E29E709F2B6D7068000291D1 /* ContentView.swift */,
				E29E70A12B6D7069000291D1 /* Assets.xcassets */,
				E29E70A32B6D7069000291D1 /* Preview Content */,
			);
			path = TravelBook;
			sourceTree = "<group>";
		};
		E29E70A32B6D7069000291D1 /* Preview Content */ = {
			isa = PBXGroup;
			children = (
				E29E70A42B6D7069000291D1 /* Preview Assets.xcassets */,
			);
			path = "Preview Content";
			sourceTree = "<group>";
		};
		E29E70AB2B6D7A7E000291D1 /* View */ = {
			isa = PBXGroup;
			children = (
				E29E70B32B6D9385000291D1 /* TextField */,
				E29E70AC2B6D7AEA000291D1 /* SignInView.swift */,
				E29E70F12B6E5E65000291D1 /* HomeView.swift */,
			);
			path = View;
			sourceTree = "<group>";
		};
		E29E70AE2B6D8A20000291D1 /* ViewModel */ = {
			isa = PBXGroup;
			children = (
				E29E70AF2B6D8A5E000291D1 /* SingInViewModel.swift */,
			);
			path = ViewModel;
			sourceTree = "<group>";
		};
		E29E70B32B6D9385000291D1 /* TextField */ = {
			isa = PBXGroup;
			children = (
				E29E70B12B6D9123000291D1 /* SingInEmailTextField.swift */,
				E29E70B62B6D9614000291D1 /* SingInPasswordTextField.swift */,
			);
			path = TextField;
			sourceTree = "<group>";
		};
		E29E70E92B6E2AB4000291D1 /* Service */ = {
			isa = PBXGroup;
			children = (
				E29E70EA2B6E2B04000291D1 /* AuthService.swift */,
			);
			path = Service;
			sourceTree = "<group>";
		};
		E29E70F52B6E6285000291D1 /* Utils */ = {
			isa = PBXGroup;
			children = (
				E29E70F62B6E62A9000291D1 /* String+Ext.swift */,
			);
			path = Utils;
			sourceTree = "<group>";
		};
/* End PBXGroup section */

/* Begin PBXNativeTarget section */
		E29E70992B6D7068000291D1 /* TravelBook */ = {
			isa = PBXNativeTarget;
			buildConfigurationList = E29E70A82B6D7069000291D1 /* Build configuration list for PBXNativeTarget "TravelBook" */;
			buildPhases = (
				E29E70962B6D7068000291D1 /* Sources */,
				E29E70972B6D7068000291D1 /* Frameworks */,
				E29E70982B6D7068000291D1 /* Resources */,
			);
			buildRules = (
			);
			dependencies = (
			);
			name = TravelBook;
			packageProductDependencies = (
				E29E70BB2B6E2605000291D1 /* FirebaseAnalyticsSwift */,
				E29E70BD2B6E2605000291D1 /* FirebaseAnalyticsWithoutAdIdSupport */,
				E29E70BF2B6E2605000291D1 /* FirebaseAppCheck */,
				E29E70C12B6E2605000291D1 /* FirebaseAppDistribution-Beta */,
				E29E70C32B6E2605000291D1 /* FirebaseAuth */,
				E29E70C52B6E2605000291D1 /* FirebaseAuthCombine-Community */,
				E29E70C72B6E2605000291D1 /* FirebaseDatabase */,
				E29E70C92B6E2605000291D1 /* FirebaseDatabaseSwift */,
				E29E70CB2B6E2605000291D1 /* FirebaseDynamicLinks */,
				E29E70CD2B6E2605000291D1 /* FirebaseFirestore */,
				E29E70CF2B6E2605000291D1 /* FirebaseFirestoreCombine-Community */,
				E29E70D12B6E2605000291D1 /* FirebaseFirestoreSwift */,
				E29E70D32B6E2605000291D1 /* FirebaseFunctions */,
				E29E70D52B6E2605000291D1 /* FirebaseFunctionsCombine-Community */,
				E29E70D72B6E2605000291D1 /* FirebaseInAppMessaging-Beta */,
				E29E70D92B6E2605000291D1 /* FirebaseInAppMessagingSwift-Beta */,
				E29E70DB2B6E2605000291D1 /* FirebaseInstallations */,
				E29E70DD2B6E2605000291D1 /* FirebaseMLModelDownloader */,
				E29E70DF2B6E2605000291D1 /* FirebasePerformance */,
				E29E70E12B6E2605000291D1 /* FirebaseRemoteConfig */,
				E29E70E32B6E2605000291D1 /* FirebaseRemoteConfigSwift */,
				E29E70E52B6E2605000291D1 /* FirebaseStorage */,
				E29E70E72B6E2605000291D1 /* FirebaseStorageCombine-Community */,
			);
			productName = TravelBook;
			productReference = E29E709A2B6D7068000291D1 /* TravelBook.app */;
			productType = "com.apple.product-type.application";
		};
/* End PBXNativeTarget section */

/* Begin PBXProject section */
		E29E70922B6D7068000291D1 /* Project object */ = {
			isa = PBXProject;
			attributes = {
				BuildIndependentTargetsInParallel = 1;
				LastSwiftUpdateCheck = 1520;
				LastUpgradeCheck = 1520;
				TargetAttributes = {
					E29E70992B6D7068000291D1 = {
						CreatedOnToolsVersion = 15.2;
					};
				};
			};
			buildConfigurationList = E29E70952B6D7068000291D1 /* Build configuration list for PBXProject "TravelBook" */;
			compatibilityVersion = "Xcode 14.0";
			developmentRegion = en;
			hasScannedForEncodings = 0;
			knownRegions = (
				en,
				Base,
			);
			mainGroup = E29E70912B6D7068000291D1;
			packageReferences = (
				E29E70BA2B6E2605000291D1 /* XCRemoteSwiftPackageReference "firebase-ios-sdk" */,
			);
			productRefGroup = E29E709B2B6D7068000291D1 /* Products */;
			projectDirPath = "";
			projectRoot = "";
			targets = (
				E29E70992B6D7068000291D1 /* TravelBook */,
			);
		};
/* End PBXProject section */

/* Begin PBXResourcesBuildPhase section */
		E29E70982B6D7068000291D1 /* Resources */ = {
			isa = PBXResourcesBuildPhase;
			buildActionMask = 2147483647;
			files = (
				E29E70A52B6D7069000291D1 /* Preview Assets.xcassets in Resources */,
				E29E70A22B6D7069000291D1 /* Assets.xcassets in Resources */,
				E29E70B92B6E2409000291D1 /* GoogleService-Info.plist in Resources */,
			);
			runOnlyForDeploymentPostprocessing = 0;
		};
/* End PBXResourcesBuildPhase section */

/* Begin PBXSourcesBuildPhase section */
		E29E70962B6D7068000291D1 /* Sources */ = {
			isa = PBXSourcesBuildPhase;
			buildActionMask = 2147483647;
			files = (
				E29E70F72B6E62A9000291D1 /* String+Ext.swift in Sources */,
				E29E70B02B6D8A5E000291D1 /* SingInViewModel.swift in Sources */,
				E29E70B22B6D9123000291D1 /* SingInEmailTextField.swift in Sources */,
				E29E70AD2B6D7AEA000291D1 /* SignInView.swift in Sources */,
				E29E70A02B6D7068000291D1 /* ContentView.swift in Sources */,
				E29E70B72B6D9614000291D1 /* SingInPasswordTextField.swift in Sources */,
				E29E70F22B6E5E65000291D1 /* HomeView.swift in Sources */,
				E29E709E2B6D7068000291D1 /* TravelBookApp.swift in Sources */,
				E29E70EB2B6E2B04000291D1 /* AuthService.swift in Sources */,
			);
			runOnlyForDeploymentPostprocessing = 0;
		};
/* End PBXSourcesBuildPhase section */

/* Begin XCBuildConfiguration section */
		E29E70A62B6D7069000291D1 /* Debug */ = {
			isa = XCBuildConfiguration;
			buildSettings = {
				ALWAYS_SEARCH_USER_PATHS = NO;
				ASSETCATALOG_COMPILER_GENERATE_SWIFT_ASSET_SYMBOL_EXTENSIONS = YES;
				CLANG_ANALYZER_NONNULL = YES;
				CLANG_ANALYZER_NUMBER_OBJECT_CONVERSION = YES_AGGRESSIVE;
				CLANG_CXX_LANGUAGE_STANDARD = "gnu++20";
				CLANG_ENABLE_MODULES = YES;
				CLANG_ENABLE_OBJC_ARC = YES;
				CLANG_ENABLE_OBJC_WEAK = YES;
				CLANG_WARN_BLOCK_CAPTURE_AUTORELEASING = YES;
				CLANG_WARN_BOOL_CONVERSION = YES;
				CLANG_WARN_COMMA = YES;
				CLANG_WARN_CONSTANT_CONVERSION = YES;
				CLANG_WARN_DEPRECATED_OBJC_IMPLEMENTATIONS = YES;
				CLANG_WARN_DIRECT_OBJC_ISA_USAGE = YES_ERROR;
				CLANG_WARN_DOCUMENTATION_COMMENTS = YES;
				CLANG_WARN_EMPTY_BODY = YES;
				CLANG_WARN_ENUM_CONVERSION = YES;
				CLANG_WARN_INFINITE_RECURSION = YES;
				CLANG_WARN_INT_CONVERSION = YES;
				CLANG_WARN_NON_LITERAL_NULL_CONVERSION = YES;
				CLANG_WARN_OBJC_IMPLICIT_RETAIN_SELF = YES;
				CLANG_WARN_OBJC_LITERAL_CONVERSION = YES;
				CLANG_WARN_OBJC_ROOT_CLASS = YES_ERROR;
				CLANG_WARN_QUOTED_INCLUDE_IN_FRAMEWORK_HEADER = YES;
				CLANG_WARN_RANGE_LOOP_ANALYSIS = YES;
				CLANG_WARN_STRICT_PROTOTYPES = YES;
				CLANG_WARN_SUSPICIOUS_MOVE = YES;
				CLANG_WARN_UNGUARDED_AVAILABILITY = YES_AGGRESSIVE;
				CLANG_WARN_UNREACHABLE_CODE = YES;
				CLANG_WARN__DUPLICATE_METHOD_MATCH = YES;
				COPY_PHASE_STRIP = NO;
				DEBUG_INFORMATION_FORMAT = dwarf;
				ENABLE_STRICT_OBJC_MSGSEND = YES;
				ENABLE_TESTABILITY = YES;
				ENABLE_USER_SCRIPT_SANDBOXING = YES;
				GCC_C_LANGUAGE_STANDARD = gnu17;
				GCC_DYNAMIC_NO_PIC = NO;
				GCC_NO_COMMON_BLOCKS = YES;
				GCC_OPTIMIZATION_LEVEL = 0;
				GCC_PREPROCESSOR_DEFINITIONS = (
					"DEBUG=1",
					"$(inherited)",
				);
				GCC_WARN_64_TO_32_BIT_CONVERSION = YES;
				GCC_WARN_ABOUT_RETURN_TYPE = YES_ERROR;
				GCC_WARN_UNDECLARED_SELECTOR = YES;
				GCC_WARN_UNINITIALIZED_AUTOS = YES_AGGRESSIVE;
				GCC_WARN_UNUSED_FUNCTION = YES;
				GCC_WARN_UNUSED_VARIABLE = YES;
				IPHONEOS_DEPLOYMENT_TARGET = 17.2;
				LOCALIZATION_PREFERS_STRING_CATALOGS = YES;
				MTL_ENABLE_DEBUG_INFO = INCLUDE_SOURCE;
				MTL_FAST_MATH = YES;
				ONLY_ACTIVE_ARCH = YES;
				SDKROOT = iphoneos;
				SWIFT_ACTIVE_COMPILATION_CONDITIONS = "DEBUG $(inherited)";
				SWIFT_OPTIMIZATION_LEVEL = "-Onone";
			};
			name = Debug;
		};
		E29E70A72B6D7069000291D1 /* Release */ = {
			isa = XCBuildConfiguration;
			buildSettings = {
				ALWAYS_SEARCH_USER_PATHS = NO;
				ASSETCATALOG_COMPILER_GENERATE_SWIFT_ASSET_SYMBOL_EXTENSIONS = YES;
				CLANG_ANALYZER_NONNULL = YES;
				CLANG_ANALYZER_NUMBER_OBJECT_CONVERSION = YES_AGGRESSIVE;
				CLANG_CXX_LANGUAGE_STANDARD = "gnu++20";
				CLANG_ENABLE_MODULES = YES;
				CLANG_ENABLE_OBJC_ARC = YES;
				CLANG_ENABLE_OBJC_WEAK = YES;
				CLANG_WARN_BLOCK_CAPTURE_AUTORELEASING = YES;
				CLANG_WARN_BOOL_CONVERSION = YES;
				CLANG_WARN_COMMA = YES;
				CLANG_WARN_CONSTANT_CONVERSION = YES;
				CLANG_WARN_DEPRECATED_OBJC_IMPLEMENTATIONS = YES;
				CLANG_WARN_DIRECT_OBJC_ISA_USAGE = YES_ERROR;
				CLANG_WARN_DOCUMENTATION_COMMENTS = YES;
				CLANG_WARN_EMPTY_BODY = YES;
				CLANG_WARN_ENUM_CONVERSION = YES;
				CLANG_WARN_INFINITE_RECURSION = YES;
				CLANG_WARN_INT_CONVERSION = YES;
				CLANG_WARN_NON_LITERAL_NULL_CONVERSION = YES;
				CLANG_WARN_OBJC_IMPLICIT_RETAIN_SELF = YES;
				CLANG_WARN_OBJC_LITERAL_CONVERSION = YES;
				CLANG_WARN_OBJC_ROOT_CLASS = YES_ERROR;
				CLANG_WARN_QUOTED_INCLUDE_IN_FRAMEWORK_HEADER = YES;
				CLANG_WARN_RANGE_LOOP_ANALYSIS = YES;
				CLANG_WARN_STRICT_PROTOTYPES = YES;
				CLANG_WARN_SUSPICIOUS_MOVE = YES;
				CLANG_WARN_UNGUARDED_AVAILABILITY = YES_AGGRESSIVE;
				CLANG_WARN_UNREACHABLE_CODE = YES;
				CLANG_WARN__DUPLICATE_METHOD_MATCH = YES;
				COPY_PHASE_STRIP = NO;
				DEBUG_INFORMATION_FORMAT = "dwarf-with-dsym";
				ENABLE_NS_ASSERTIONS = NO;
				ENABLE_STRICT_OBJC_MSGSEND = YES;
				ENABLE_USER_SCRIPT_SANDBOXING = YES;
				GCC_C_LANGUAGE_STANDARD = gnu17;
				GCC_NO_COMMON_BLOCKS = YES;
				GCC_WARN_64_TO_32_BIT_CONVERSION = YES;
				GCC_WARN_ABOUT_RETURN_TYPE = YES_ERROR;
				GCC_WARN_UNDECLARED_SELECTOR = YES;
				GCC_WARN_UNINITIALIZED_AUTOS = YES_AGGRESSIVE;
				GCC_WARN_UNUSED_FUNCTION = YES;
				GCC_WARN_UNUSED_VARIABLE = YES;
				IPHONEOS_DEPLOYMENT_TARGET = 17.2;
				LOCALIZATION_PREFERS_STRING_CATALOGS = YES;
				MTL_ENABLE_DEBUG_INFO = NO;
				MTL_FAST_MATH = YES;
				SDKROOT = iphoneos;
				SWIFT_COMPILATION_MODE = wholemodule;
				VALIDATE_PRODUCT = YES;
			};
			name = Release;
		};
		E29E70A92B6D7069000291D1 /* Debug */ = {
			isa = XCBuildConfiguration;
			buildSettings = {
				ASSETCATALOG_COMPILER_APPICON_NAME = AppIcon;
				ASSETCATALOG_COMPILER_GLOBAL_ACCENT_COLOR_NAME = AccentColor;
				CODE_SIGN_STYLE = Automatic;
				CURRENT_PROJECT_VERSION = 1;
				DEVELOPMENT_ASSET_PATHS = "\"TravelBook/Preview Content\"";
				DEVELOPMENT_TEAM = 6P4M8YQN8F;
				ENABLE_PREVIEWS = YES;
				GENERATE_INFOPLIST_FILE = YES;
				INFOPLIST_KEY_UIApplicationSceneManifest_Generation = YES;
				INFOPLIST_KEY_UIApplicationSupportsIndirectInputEvents = YES;
				INFOPLIST_KEY_UILaunchScreen_Generation = YES;
				INFOPLIST_KEY_UISupportedInterfaceOrientations_iPad = "UIInterfaceOrientationPortrait UIInterfaceOrientationPortraitUpsideDown UIInterfaceOrientationLandscapeLeft UIInterfaceOrientationLandscapeRight";
				INFOPLIST_KEY_UISupportedInterfaceOrientations_iPhone = "UIInterfaceOrientationPortrait UIInterfaceOrientationLandscapeLeft UIInterfaceOrientationLandscapeRight";
				LD_RUNPATH_SEARCH_PATHS = (
					"$(inherited)",
					"@executable_path/Frameworks",
				);
				MARKETING_VERSION = 1.0;
				PRODUCT_BUNDLE_IDENTIFIER = iOSDevteam.TravelBook;
				PRODUCT_NAME = "$(TARGET_NAME)";
				SWIFT_EMIT_LOC_STRINGS = YES;
				SWIFT_VERSION = 5.0;
				TARGETED_DEVICE_FAMILY = "1,2";
			};
			name = Debug;
		};
		E29E70AA2B6D7069000291D1 /* Release */ = {
			isa = XCBuildConfiguration;
			buildSettings = {
				ASSETCATALOG_COMPILER_APPICON_NAME = AppIcon;
				ASSETCATALOG_COMPILER_GLOBAL_ACCENT_COLOR_NAME = AccentColor;
				CODE_SIGN_STYLE = Automatic;
				CURRENT_PROJECT_VERSION = 1;
				DEVELOPMENT_ASSET_PATHS = "\"TravelBook/Preview Content\"";
				DEVELOPMENT_TEAM = 6P4M8YQN8F;
				ENABLE_PREVIEWS = YES;
				GENERATE_INFOPLIST_FILE = YES;
				INFOPLIST_KEY_UIApplicationSceneManifest_Generation = YES;
				INFOPLIST_KEY_UIApplicationSupportsIndirectInputEvents = YES;
				INFOPLIST_KEY_UILaunchScreen_Generation = YES;
				INFOPLIST_KEY_UISupportedInterfaceOrientations_iPad = "UIInterfaceOrientationPortrait UIInterfaceOrientationPortraitUpsideDown UIInterfaceOrientationLandscapeLeft UIInterfaceOrientationLandscapeRight";
				INFOPLIST_KEY_UISupportedInterfaceOrientations_iPhone = "UIInterfaceOrientationPortrait UIInterfaceOrientationLandscapeLeft UIInterfaceOrientationLandscapeRight";
				LD_RUNPATH_SEARCH_PATHS = (
					"$(inherited)",
					"@executable_path/Frameworks",
				);
				MARKETING_VERSION = 1.0;
				PRODUCT_BUNDLE_IDENTIFIER = iOSDevteam.TravelBook;
				PRODUCT_NAME = "$(TARGET_NAME)";
				SWIFT_EMIT_LOC_STRINGS = YES;
				SWIFT_VERSION = 5.0;
				TARGETED_DEVICE_FAMILY = "1,2";
			};
			name = Release;
		};
/* End XCBuildConfiguration section */

/* Begin XCConfigurationList section */
		E29E70952B6D7068000291D1 /* Build configuration list for PBXProject "TravelBook" */ = {
			isa = XCConfigurationList;
			buildConfigurations = (
				E29E70A62B6D7069000291D1 /* Debug */,
				E29E70A72B6D7069000291D1 /* Release */,
			);
			defaultConfigurationIsVisible = 0;
			defaultConfigurationName = Release;
		};
		E29E70A82B6D7069000291D1 /* Build configuration list for PBXNativeTarget "TravelBook" */ = {
			isa = XCConfigurationList;
			buildConfigurations = (
				E29E70A92B6D7069000291D1 /* Debug */,
				E29E70AA2B6D7069000291D1 /* Release */,
			);
			defaultConfigurationIsVisible = 0;
			defaultConfigurationName = Release;
		};
/* End XCConfigurationList section */

/* Begin XCRemoteSwiftPackageReference section */
		E29E70BA2B6E2605000291D1 /* XCRemoteSwiftPackageReference "firebase-ios-sdk" */ = {
			isa = XCRemoteSwiftPackageReference;
			repositoryURL = "https://github.com/firebase/firebase-ios-sdk";
			requirement = {
				kind = upToNextMajorVersion;
				minimumVersion = 10.20.0;
			};
		};
/* End XCRemoteSwiftPackageReference section */

/* Begin XCSwiftPackageProductDependency section */
		E29E70BB2B6E2605000291D1 /* FirebaseAnalyticsSwift */ = {
			isa = XCSwiftPackageProductDependency;
			package = E29E70BA2B6E2605000291D1 /* XCRemoteSwiftPackageReference "firebase-ios-sdk" */;
			productName = FirebaseAnalyticsSwift;
		};
		E29E70BD2B6E2605000291D1 /* FirebaseAnalyticsWithoutAdIdSupport */ = {
			isa = XCSwiftPackageProductDependency;
			package = E29E70BA2B6E2605000291D1 /* XCRemoteSwiftPackageReference "firebase-ios-sdk" */;
			productName = FirebaseAnalyticsWithoutAdIdSupport;
		};
		E29E70BF2B6E2605000291D1 /* FirebaseAppCheck */ = {
			isa = XCSwiftPackageProductDependency;
			package = E29E70BA2B6E2605000291D1 /* XCRemoteSwiftPackageReference "firebase-ios-sdk" */;
			productName = FirebaseAppCheck;
		};
		E29E70C12B6E2605000291D1 /* FirebaseAppDistribution-Beta */ = {
			isa = XCSwiftPackageProductDependency;
			package = E29E70BA2B6E2605000291D1 /* XCRemoteSwiftPackageReference "firebase-ios-sdk" */;
			productName = "FirebaseAppDistribution-Beta";
		};
		E29E70C32B6E2605000291D1 /* FirebaseAuth */ = {
			isa = XCSwiftPackageProductDependency;
			package = E29E70BA2B6E2605000291D1 /* XCRemoteSwiftPackageReference "firebase-ios-sdk" */;
			productName = FirebaseAuth;
		};
		E29E70C52B6E2605000291D1 /* FirebaseAuthCombine-Community */ = {
			isa = XCSwiftPackageProductDependency;
			package = E29E70BA2B6E2605000291D1 /* XCRemoteSwiftPackageReference "firebase-ios-sdk" */;
			productName = "FirebaseAuthCombine-Community";
		};
		E29E70C72B6E2605000291D1 /* FirebaseDatabase */ = {
			isa = XCSwiftPackageProductDependency;
			package = E29E70BA2B6E2605000291D1 /* XCRemoteSwiftPackageReference "firebase-ios-sdk" */;
			productName = FirebaseDatabase;
		};
		E29E70C92B6E2605000291D1 /* FirebaseDatabaseSwift */ = {
			isa = XCSwiftPackageProductDependency;
			package = E29E70BA2B6E2605000291D1 /* XCRemoteSwiftPackageReference "firebase-ios-sdk" */;
			productName = FirebaseDatabaseSwift;
		};
		E29E70CB2B6E2605000291D1 /* FirebaseDynamicLinks */ = {
			isa = XCSwiftPackageProductDependency;
			package = E29E70BA2B6E2605000291D1 /* XCRemoteSwiftPackageReference "firebase-ios-sdk" */;
			productName = FirebaseDynamicLinks;
		};
		E29E70CD2B6E2605000291D1 /* FirebaseFirestore */ = {
			isa = XCSwiftPackageProductDependency;
			package = E29E70BA2B6E2605000291D1 /* XCRemoteSwiftPackageReference "firebase-ios-sdk" */;
			productName = FirebaseFirestore;
		};
		E29E70CF2B6E2605000291D1 /* FirebaseFirestoreCombine-Community */ = {
			isa = XCSwiftPackageProductDependency;
			package = E29E70BA2B6E2605000291D1 /* XCRemoteSwiftPackageReference "firebase-ios-sdk" */;
			productName = "FirebaseFirestoreCombine-Community";
		};
		E29E70D12B6E2605000291D1 /* FirebaseFirestoreSwift */ = {
			isa = XCSwiftPackageProductDependency;
			package = E29E70BA2B6E2605000291D1 /* XCRemoteSwiftPackageReference "firebase-ios-sdk" */;
			productName = FirebaseFirestoreSwift;
		};
		E29E70D32B6E2605000291D1 /* FirebaseFunctions */ = {
			isa = XCSwiftPackageProductDependency;
			package = E29E70BA2B6E2605000291D1 /* XCRemoteSwiftPackageReference "firebase-ios-sdk" */;
			productName = FirebaseFunctions;
		};
		E29E70D52B6E2605000291D1 /* FirebaseFunctionsCombine-Community */ = {
			isa = XCSwiftPackageProductDependency;
			package = E29E70BA2B6E2605000291D1 /* XCRemoteSwiftPackageReference "firebase-ios-sdk" */;
			productName = "FirebaseFunctionsCombine-Community";
		};
		E29E70D72B6E2605000291D1 /* FirebaseInAppMessaging-Beta */ = {
			isa = XCSwiftPackageProductDependency;
			package = E29E70BA2B6E2605000291D1 /* XCRemoteSwiftPackageReference "firebase-ios-sdk" */;
			productName = "FirebaseInAppMessaging-Beta";
		};
		E29E70D92B6E2605000291D1 /* FirebaseInAppMessagingSwift-Beta */ = {
			isa = XCSwiftPackageProductDependency;
			package = E29E70BA2B6E2605000291D1 /* XCRemoteSwiftPackageReference "firebase-ios-sdk" */;
			productName = "FirebaseInAppMessagingSwift-Beta";
		};
		E29E70DB2B6E2605000291D1 /* FirebaseInstallations */ = {
			isa = XCSwiftPackageProductDependency;
			package = E29E70BA2B6E2605000291D1 /* XCRemoteSwiftPackageReference "firebase-ios-sdk" */;
			productName = FirebaseInstallations;
		};
		E29E70DD2B6E2605000291D1 /* FirebaseMLModelDownloader */ = {
			isa = XCSwiftPackageProductDependency;
			package = E29E70BA2B6E2605000291D1 /* XCRemoteSwiftPackageReference "firebase-ios-sdk" */;
			productName = FirebaseMLModelDownloader;
		};
		E29E70DF2B6E2605000291D1 /* FirebasePerformance */ = {
			isa = XCSwiftPackageProductDependency;
			package = E29E70BA2B6E2605000291D1 /* XCRemoteSwiftPackageReference "firebase-ios-sdk" */;
			productName = FirebasePerformance;
		};
		E29E70E12B6E2605000291D1 /* FirebaseRemoteConfig */ = {
			isa = XCSwiftPackageProductDependency;
			package = E29E70BA2B6E2605000291D1 /* XCRemoteSwiftPackageReference "firebase-ios-sdk" */;
			productName = FirebaseRemoteConfig;
		};
		E29E70E32B6E2605000291D1 /* FirebaseRemoteConfigSwift */ = {
			isa = XCSwiftPackageProductDependency;
			package = E29E70BA2B6E2605000291D1 /* XCRemoteSwiftPackageReference "firebase-ios-sdk" */;
			productName = FirebaseRemoteConfigSwift;
		};
		E29E70E52B6E2605000291D1 /* FirebaseStorage */ = {
			isa = XCSwiftPackageProductDependency;
			package = E29E70BA2B6E2605000291D1 /* XCRemoteSwiftPackageReference "firebase-ios-sdk" */;
			productName = FirebaseStorage;
		};
		E29E70E72B6E2605000291D1 /* FirebaseStorageCombine-Community */ = {
			isa = XCSwiftPackageProductDependency;
			package = E29E70BA2B6E2605000291D1 /* XCRemoteSwiftPackageReference "firebase-ios-sdk" */;
			productName = "FirebaseStorageCombine-Community";
		};
/* End XCSwiftPackageProductDependency section */
	};
	rootObject = E29E70922B6D7068000291D1 /* Project object */;
}
